# This file is automatically @generated by Cargo.
# It is not intended for manual editing.
version = 4

[[package]]
name = "ironpilot"
version = "0.1.0"

[[package]]
name = "ironpilot-adapters"
version = "0.1.0"

[[package]]
name = "ironpilot-application"
version = "0.1.0"

[[package]]
name = "ironpilot-domain"
version = "0.1.0"
